{
  "name": "typescript-is",
  "version": "0.1.3",
  "lockfileVersion": 1,
  "requires": true,
  "dependencies": {
    "@types/node": {
      "version": "10.9.4",
      "resolved": "https://registry.npmjs.org/@types/node/-/node-10.9.4.tgz",
      "integrity": "sha512-fCHV45gS+m3hH17zgkgADUSi2RR1Vht6wOZ0jyHP8rjiQra9f+mIcgwPQHllmDocYOstIEbKlxbFDYlgrTPYqw==",
      "dev": true
    },
    "tslib": {
      "version": "1.9.3",
      "resolved": "https://registry.npmjs.org/tslib/-/tslib-1.9.3.tgz",
      "integrity": "sha512-4krF8scpejhaOgqzBEcGM7yDIEfi0/8+8zDRZhNZZ2kjmHJ4hv3zCbQWxoJGz1iw5U0Jl0nma13xzHXcncMavQ==",
      "dev": true
    },
    "tsutils": {
      "version": "3.0.0",
      "resolved": "https://registry.npmjs.org/tsutils/-/tsutils-3.0.0.tgz",
      "integrity": "sha512-LjHBWR0vWAUHWdIAoTjoqi56Kz+FDKBgVEuL+gVPG/Pv7QW5IdaDDeK9Txlr6U0Cmckp5EgCIq1T25qe3J6hyw==",
      "dev": true,
      "requires": {
        "tslib": "^1.8.1"
      }
    },
    "typescript": {
      "version": "3.0.3",
      "resolved": "https://registry.npmjs.org/typescript/-/typescript-3.0.3.tgz",
      "integrity": "sha512-kk80vLW9iGtjMnIv11qyxLqZm20UklzuR2tL0QAnDIygIUIemcZMxlMWudl9OOt76H3ntVzcTiddQ1/pAAJMYg==",
      "dev": true
    }
  }
}
